
Microsoft Visual Studio Solution File, Format Version 12.00
# Visual Studio 2017
Project("{FAE04EC0-301F-11D3-BF4B-00C04F79EFBC}") = "Discrete", "Discrete.csproj", "{E234B574-22FF-BE8F-17F2-35EFAB50740E}"
EndProject
Project("{FAE04EC0-301F-11D3-BF4B-00C04F79EFBC}") = "Discrete.Editor", "Discrete.Editor.csproj", "{57825BFB-4807-C0AB-9AC3-CB9C1A5D6B77}"
EndProject
Global
	GlobalSection(SolutionConfigurationPlatforms) = preSolution
		Debug|Any CPU = Debug|Any CPU
		Release|Any CPU = Release|Any CPU
	EndGlobalSection
	GlobalSection(ProjectConfigurationPlatforms) = postSolution
		{E234B574-22FF-BE8F-17F2-35EFAB50740E}.Debug|Any CPU.ActiveCfg = Debug|Any CPU
		{E234B574-22FF-BE8F-17F2-35EFAB50740E}.Debug|Any CPU.Build.0 = Debug|Any CPU
		{E234B574-22FF-BE8F-17F2-35EFAB50740E}.Release|Any CPU.ActiveCfg = Release|Any CPU
		{E234B574-22FF-BE8F-17F2-35EFAB50740E}.Release|Any CPU.Build.0 = Release|Any CPU
		{57825BFB-4807-C0AB-9AC3-CB9C1A5D6B77}.Debug|Any CPU.ActiveCfg = Debug|Any CPU
		{57825BFB-4807-C0AB-9AC3-CB9C1A5D6B77}.Debug|Any CPU.Build.0 = Debug|Any CPU
		{57825BFB-4807-C0AB-9AC3-CB9C1A5D6B77}.Release|Any CPU.ActiveCfg = Release|Any CPU
		{57825BFB-4807-C0AB-9AC3-CB9C1A5D6B77}.Release|Any CPU.Build.0 = Release|Any CPU
	EndGlobalSection
	GlobalSection(SolutionProperties) = preSolution
		HideSolutionNode = FALSE
	EndGlobalSection
EndGlobal
